
Microsoft Visual Studio Solution File, Format Version 12.00
# Visual Studio 15
VisualStudioVersion = 15.0.27428.2037
MinimumVisualStudioVersion = 10.0.40219.1
Project("{2150E333-8FDC-42A3-9474-1A3956D46DE8}") = "src", "src", "{8A1C79CF-F3A2-46B6-AF7E-7C36326DC97B}"
EndProject
Project("{9A19103F-16F7-4668-BE54-9A1E7A4F7556}") = "Pangolin", "src\Pangolin\Pangolin.csproj", "{90ABC469-693B-4FAB-B4F1-95CB16D31B06}"
EndProject
Project("{9A19103F-16F7-4668-BE54-9A1E7A4F7556}") = "Pangolin.Core", "src\Pangolin.Core\Pangolin.Core.csproj", "{2E7333B2-24D9-429A-A76A-2C61E17B040D}"
EndProject
Project("{2150E333-8FDC-42A3-9474-1A3956D46DE8}") = "test", "test", "{0D753E11-32C1-424A-89D3-2EC661D1AB72}"
EndProject
Project("{9A19103F-16F7-4668-BE54-9A1E7A4F7556}") = "Pangolin.Core.Test", "test\Pangolin.Core.Test\Pangolin.Core.Test.csproj", "{94A7D023-02A6-4D5D-9615-FE944D258A10}"
EndProject
Project("{9A19103F-16F7-4668-BE54-9A1E7A4F7556}") = "Pangolin.Common", "src\Pangolin.Common\Pangolin.Common.csproj", "{E1EE7EF7-B179-43C2-8CF6-3C729B476E21}"
EndProject
Project("{FAE04EC0-301F-11D3-BF4B-00C04F79EFBC}") = "Pangolin.Common.Test", "test\Pangolin.Common.Test\Pangolin.Common.Test.csproj", "{F878DC89-DDF1-463A-BC7D-E8055D55210A}"
EndProject
Global
	GlobalSection(SolutionConfigurationPlatforms) = preSolution
		Debug|Any CPU = Debug|Any CPU
		Release|Any CPU = Release|Any CPU
	EndGlobalSection
	GlobalSection(ProjectConfigurationPlatforms) = postSolution
		{90ABC469-693B-4FAB-B4F1-95CB16D31B06}.Debug|Any CPU.ActiveCfg = Debug|Any CPU
		{90ABC469-693B-4FAB-B4F1-95CB16D31B06}.Debug|Any CPU.Build.0 = Debug|Any CPU
		{90ABC469-693B-4FAB-B4F1-95CB16D31B06}.Release|Any CPU.ActiveCfg = Release|Any CPU
		{90ABC469-693B-4FAB-B4F1-95CB16D31B06}.Release|Any CPU.Build.0 = Release|Any CPU
		{2E7333B2-24D9-429A-A76A-2C61E17B040D}.Debug|Any CPU.ActiveCfg = Debug|Any CPU
		{2E7333B2-24D9-429A-A76A-2C61E17B040D}.Debug|Any CPU.Build.0 = Debug|Any CPU
		{2E7333B2-24D9-429A-A76A-2C61E17B040D}.Release|Any CPU.ActiveCfg = Release|Any CPU
		{2E7333B2-24D9-429A-A76A-2C61E17B040D}.Release|Any CPU.Build.0 = Release|Any CPU
		{94A7D023-02A6-4D5D-9615-FE944D258A10}.Debug|Any CPU.ActiveCfg = Debug|Any CPU
		{94A7D023-02A6-4D5D-9615-FE944D258A10}.Debug|Any CPU.Build.0 = Debug|Any CPU
		{94A7D023-02A6-4D5D-9615-FE944D258A10}.Release|Any CPU.ActiveCfg = Release|Any CPU
		{94A7D023-02A6-4D5D-9615-FE944D258A10}.Release|Any CPU.Build.0 = Release|Any CPU
		{E1EE7EF7-B179-43C2-8CF6-3C729B476E21}.Debug|Any CPU.ActiveCfg = Debug|Any CPU
		{E1EE7EF7-B179-43C2-8CF6-3C729B476E21}.Debug|Any CPU.Build.0 = Debug|Any CPU
		{E1EE7EF7-B179-43C2-8CF6-3C729B476E21}.Release|Any CPU.ActiveCfg = Release|Any CPU
		{E1EE7EF7-B179-43C2-8CF6-3C729B476E21}.Release|Any CPU.Build.0 = Release|Any CPU
		{F878DC89-DDF1-463A-BC7D-E8055D55210A}.Debug|Any CPU.ActiveCfg = Debug|Any CPU
		{F878DC89-DDF1-463A-BC7D-E8055D55210A}.Debug|Any CPU.Build.0 = Debug|Any CPU
		{F878DC89-DDF1-463A-BC7D-E8055D55210A}.Release|Any CPU.ActiveCfg = Release|Any CPU
		{F878DC89-DDF1-463A-BC7D-E8055D55210A}.Release|Any CPU.Build.0 = Release|Any CPU
	EndGlobalSection
	GlobalSection(SolutionProperties) = preSolution
		HideSolutionNode = FALSE
	EndGlobalSection
	GlobalSection(NestedProjects) = preSolution
		{90ABC469-693B-4FAB-B4F1-95CB16D31B06} = {8A1C79CF-F3A2-46B6-AF7E-7C36326DC97B}
		{2E7333B2-24D9-429A-A76A-2C61E17B040D} = {8A1C79CF-F3A2-46B6-AF7E-7C36326DC97B}
		{94A7D023-02A6-4D5D-9615-FE944D258A10} = {0D753E11-32C1-424A-89D3-2EC661D1AB72}
		{E1EE7EF7-B179-43C2-8CF6-3C729B476E21} = {8A1C79CF-F3A2-46B6-AF7E-7C36326DC97B}
		{F878DC89-DDF1-463A-BC7D-E8055D55210A} = {0D753E11-32C1-424A-89D3-2EC661D1AB72}
	EndGlobalSection
	GlobalSection(ExtensibilityGlobals) = postSolution
		SolutionGuid = {0FE76773-2937-41CA-8769-0693DCA8EA40}
	EndGlobalSection
EndGlobal
